{
  "name": "@esal/typescript-config",
  "version": "0.0.0",
  "lockfileVersion": 3,
  "requires": true,
  "packages": {
    "": {
      "name": "@esal/typescript-config",
      "version": "0.0.0",
      "license": "MIT",
      "dependencies": {
        "@esal/typescript-config": "file:"
      }
    },
    "../../node_modules/.pnpm/file+packages+typescript-config/node_modules/@esal/typescript-config": {
      "version": "0.0.0",
      "extraneous": true,
      "license": "MIT",
      "dependencies": {
        "@esal/typescript-config": "file:"
      }
    },
    "node_modules/@esal/typescript-config": {
      "resolved": "",
      "link": true
    }
  }
}
