{
  "name": "@esal/ui",
  "version": "0.1.0",
  "lockfileVersion": 3,
  "requires": true,
  "packages": {
    "": {
      "name": "@esal/ui",
      "version": "0.1.0",
      "dependencies": {
        "@esal/ui": "file:",
        "@radix-ui/react-avatar": "^1.0.4",
        "@radix-ui/react-dialog": "^1.0.5",
        "@radix-ui/react-dropdown-menu": "^2.0.6",
        "@radix-ui/react-label": "^2.0.2",
        "@radix-ui/react-popover": "^1.0.7",
        "@radix-ui/react-progress": "^1.0.3",
        "@radix-ui/react-select": "^2.0.0",
        "@radix-ui/react-slot": "^1.0.2",
        "@radix-ui/react-switch": "^1.0.3",
        "@radix-ui/react-tabs": "^1.0.4",
        "@radix-ui/react-toast": "^1.1.5",
        "clsx": "^2.1.0",
        "lucide-react": "^0.309.0",
        "react": "^18.2.0",
        "tailwind-merge": "^2.2.0"
      },
      "devDependencies": {
        "@biomejs/biome": "1.5.3",
        "@storybook/addon-essentials": "^7.6.10",
        "@storybook/addon-interactions": "^7.6.10",
        "@storybook/addon-links": "^7.6.10",
        "@storybook/addon-onboarding": "^1.0.11",
        "@storybook/blocks": "^7.6.10",
        "@storybook/react": "^7.6.10",
        "@storybook/react-vite": "^7.6.10",
        "@storybook/test": "^7.6.10",
        "@types/react": "^18.2.46",
        "@types/react-dom": "^18.2.18",
        "autoprefixer": "^10.4.16",
        "class-variance-authority": "^0.7.0",
        "postcss": "^8.4.33",
        "storybook": "^7.6.10",
        "tailwindcss": "^3.4.1",
        "tailwindcss-animate": "^1.0.7",
        "typescript": "^5.3.3"
      },
      "peerDependencies": {
        "react": "^18.2.0",
        "react-dom": "^18.2.0",
        "tailwindcss": "^3.3.0"
      }
    },
    "../../node_modules/.pnpm/@biomejs+biome@1.5.3/node_modules/@biomejs/biome": {
      "version": "1.5.3",
      "dev": true,
      "hasInstallScript": true,
      "license": "MIT OR Apache-2.0",
      "bin": {
        "biome": "bin/biome"
      },
      "engines": {
        "node": ">=14.*"
      },
      "funding": {
        "type": "opencollective",
        "url": "https://opencollective.com/biome"
      },
      "optionalDependencies": {
        "@biomejs/cli-darwin-arm64": "1.5.3",
        "@biomejs/cli-darwin-x64": "1.5.3",
        "@biomejs/cli-linux-arm64": "1.5.3",
        "@biomejs/cli-linux-arm64-musl": "1.5.3",
        "@biomejs/cli-linux-x64": "1.5.3",
        "@biomejs/cli-linux-x64-musl": "1.5.3",
        "@biomejs/cli-win32-arm64": "1.5.3",
        "@biomejs/cli-win32-x64": "1.5.3"
      }
    },
    "../../node_modules/.pnpm/@radix-ui+react-avatar@1.1._7b7d8da5343de3271ffc78ca89060b48/node_modules/@radix-ui/react-avatar": {
      "version": "1.1.10",
      "license": "MIT",
      "dependencies": {
        "@radix-ui/react-context": "1.1.2",
        "@radix-ui/react-primitive": "2.1.3",
        "@radix-ui/react-use-callback-ref": "1.1.1",
        "@radix-ui/react-use-is-hydrated": "0.1.0",
        "@radix-ui/react-use-layout-effect": "1.1.1"
      },
      "devDependencies": {
        "@repo/builder": "0.0.0",
        "@repo/eslint-config": "0.0.0",
        "@repo/typescript-config": "0.0.0",
        "@types/react": "^19.0.7",
        "@types/react-dom": "^19.0.3",
        "eslint": "^9.18.0",
        "react": "^19.1.0",
        "react-dom": "^19.1.0",
        "typescript": "^5.7.3"
      },
      "peerDependencies": {
        "@types/react": "*",
        "@types/react-dom": "*",
        "react": "^16.8 || ^17.0 || ^18.0 || ^19.0 || ^19.0.0-rc",
        "react-dom": "^16.8 || ^17.0 || ^18.0 || ^19.0 || ^19.0.0-rc"
      },
      "peerDependenciesMeta": {
        "@types/react": {
          "optional": true
        },
        "@types/react-dom": {
          "optional": true
        }
      }
    },
    "../../node_modules/.pnpm/@radix-ui+react-dialog@1.1._a2320f1679062b506874372e428593d9/node_modules/@radix-ui/react-dialog": {
      "version": "1.1.14",
      "license": "MIT",
      "dependencies": {
        "@radix-ui/primitive": "1.1.2",
        "@radix-ui/react-compose-refs": "1.1.2",
        "@radix-ui/react-context": "1.1.2",
        "@radix-ui/react-dismissable-layer": "1.1.10",
        "@radix-ui/react-focus-guards": "1.1.2",
        "@radix-ui/react-focus-scope": "1.1.7",
        "@radix-ui/react-id": "1.1.1",
        "@radix-ui/react-portal": "1.1.9",
        "@radix-ui/react-presence": "1.1.4",
        "@radix-ui/react-primitive": "2.1.3",
        "@radix-ui/react-slot": "1.2.3",
        "@radix-ui/react-use-controllable-state": "1.2.2",
        "aria-hidden": "^1.2.4",
        "react-remove-scroll": "^2.6.3"
      },
      "devDependencies": {
        "@repo/builder": "0.0.0",
        "@repo/eslint-config": "0.0.0",
        "@repo/typescript-config": "0.0.0",
        "@types/react": "^19.0.7",
        "@types/react-dom": "^19.0.3",
        "eslint": "^9.18.0",
        "react": "^19.1.0",
        "react-dom": "^19.1.0",
        "typescript": "^5.7.3"
      },
      "peerDependencies": {
        "@types/react": "*",
        "@types/react-dom": "*",
        "react": "^16.8 || ^17.0 || ^18.0 || ^19.0 || ^19.0.0-rc",
        "react-dom": "^16.8 || ^17.0 || ^18.0 || ^19.0 || ^19.0.0-rc"
      },
      "peerDependenciesMeta": {
        "@types/react": {
          "optional": true
        },
        "@types/react-dom": {
          "optional": true
        }
      }
    },
    "../../node_modules/.pnpm/@radix-ui+react-dropdown-me_8470344bd8cf7b4a512b1e4edd3f522f/node_modules/@radix-ui/react-dropdown-menu": {
      "version": "2.1.15",
      "license": "MIT",
      "dependencies": {
        "@radix-ui/primitive": "1.1.2",
        "@radix-ui/react-compose-refs": "1.1.2",
        "@radix-ui/react-context": "1.1.2",
        "@radix-ui/react-id": "1.1.1",
        "@radix-ui/react-menu": "2.1.15",
        "@radix-ui/react-primitive": "2.1.3",
        "@radix-ui/react-use-controllable-state": "1.2.2"
      },
      "devDependencies": {
        "@repo/builder": "0.0.0",
        "@repo/eslint-config": "0.0.0",
        "@repo/test-data": "0.0.0",
        "@repo/typescript-config": "0.0.0",
        "@types/react": "^19.0.7",
        "@types/react-dom": "^19.0.3",
        "eslint": "^9.18.0",
        "react": "^19.1.0",
        "react-dom": "^19.1.0",
        "typescript": "^5.7.3"
      },
      "peerDependencies": {
        "@types/react": "*",
        "@types/react-dom": "*",
        "react": "^16.8 || ^17.0 || ^18.0 || ^19.0 || ^19.0.0-rc",
        "react-dom": "^16.8 || ^17.0 || ^18.0 || ^19.0 || ^19.0.0-rc"
      },
      "peerDependenciesMeta": {
        "@types/react": {
          "optional": true
        },
        "@types/react-dom": {
          "optional": true
        }
      }
    },
    "../../node_modules/.pnpm/@radix-ui+react-label@2.1.7_29df566457c63ca19fddfd0190abab7d/node_modules/@radix-ui/react-label": {
      "version": "2.1.7",
      "license": "MIT",
      "dependencies": {
        "@radix-ui/react-primitive": "2.1.3"
      },
      "devDependencies": {
        "@repo/builder": "0.0.0",
        "@repo/eslint-config": "0.0.0",
        "@repo/typescript-config": "0.0.0",
        "@types/react": "^19.0.7",
        "@types/react-dom": "^19.0.3",
        "eslint": "^9.18.0",
        "react": "^19.1.0",
        "react-dom": "^19.1.0",
        "typescript": "^5.7.3"
      },
      "peerDependencies": {
        "@types/react": "*",
        "@types/react-dom": "*",
        "react": "^16.8 || ^17.0 || ^18.0 || ^19.0 || ^19.0.0-rc",
        "react-dom": "^16.8 || ^17.0 || ^18.0 || ^19.0 || ^19.0.0-rc"
      },
      "peerDependenciesMeta": {
        "@types/react": {
          "optional": true
        },
        "@types/react-dom": {
          "optional": true
        }
      }
    },
    "../../node_modules/.pnpm/@radix-ui+react-popover@1.1_20bf5b78f67b1e7d43138c57ee954747/node_modules/@radix-ui/react-popover": {
      "version": "1.1.14",
      "license": "MIT",
      "dependencies": {
        "@radix-ui/primitive": "1.1.2",
        "@radix-ui/react-compose-refs": "1.1.2",
        "@radix-ui/react-context": "1.1.2",
        "@radix-ui/react-dismissable-layer": "1.1.10",
        "@radix-ui/react-focus-guards": "1.1.2",
        "@radix-ui/react-focus-scope": "1.1.7",
        "@radix-ui/react-id": "1.1.1",
        "@radix-ui/react-popper": "1.2.7",
        "@radix-ui/react-portal": "1.1.9",
        "@radix-ui/react-presence": "1.1.4",
        "@radix-ui/react-primitive": "2.1.3",
        "@radix-ui/react-slot": "1.2.3",
        "@radix-ui/react-use-controllable-state": "1.2.2",
        "aria-hidden": "^1.2.4",
        "react-remove-scroll": "^2.6.3"
      },
      "devDependencies": {
        "@repo/builder": "0.0.0",
        "@repo/eslint-config": "0.0.0",
        "@repo/typescript-config": "0.0.0",
        "@types/react": "^19.0.7",
        "@types/react-dom": "^19.0.3",
        "eslint": "^9.18.0",
        "react": "^19.1.0",
        "react-dom": "^19.1.0",
        "typescript": "^5.7.3"
      },
      "peerDependencies": {
        "@types/react": "*",
        "@types/react-dom": "*",
        "react": "^16.8 || ^17.0 || ^18.0 || ^19.0 || ^19.0.0-rc",
        "react-dom": "^16.8 || ^17.0 || ^18.0 || ^19.0 || ^19.0.0-rc"
      },
      "peerDependenciesMeta": {
        "@types/react": {
          "optional": true
        },
        "@types/react-dom": {
          "optional": true
        }
      }
    },
    "../../node_modules/.pnpm/@radix-ui+react-select@2.2._18fc38aa83b573022d107238739dcc92/node_modules/@radix-ui/react-select": {
      "version": "2.2.5",
      "license": "MIT",
      "dependencies": {
        "@radix-ui/number": "1.1.1",
        "@radix-ui/primitive": "1.1.2",
        "@radix-ui/react-collection": "1.1.7",
        "@radix-ui/react-compose-refs": "1.1.2",
        "@radix-ui/react-context": "1.1.2",
        "@radix-ui/react-direction": "1.1.1",
        "@radix-ui/react-dismissable-layer": "1.1.10",
        "@radix-ui/react-focus-guards": "1.1.2",
        "@radix-ui/react-focus-scope": "1.1.7",
        "@radix-ui/react-id": "1.1.1",
        "@radix-ui/react-popper": "1.2.7",
        "@radix-ui/react-portal": "1.1.9",
        "@radix-ui/react-primitive": "2.1.3",
        "@radix-ui/react-slot": "1.2.3",
        "@radix-ui/react-use-callback-ref": "1.1.1",
        "@radix-ui/react-use-controllable-state": "1.2.2",
        "@radix-ui/react-use-layout-effect": "1.1.1",
        "@radix-ui/react-use-previous": "1.1.1",
        "@radix-ui/react-visually-hidden": "1.2.3",
        "aria-hidden": "^1.2.4",
        "react-remove-scroll": "^2.6.3"
      },
      "devDependencies": {
        "@repo/builder": "0.0.0",
        "@repo/eslint-config": "0.0.0",
        "@repo/test-data": "0.0.0",
        "@repo/typescript-config": "0.0.0",
        "@types/react": "^19.0.7",
        "@types/react-dom": "^19.0.3",
        "eslint": "^9.18.0",
        "react": "^19.1.0",
        "react-dom": "^19.1.0",
        "typescript": "^5.7.3"
      },
      "peerDependencies": {
        "@types/react": "*",
        "@types/react-dom": "*",
        "react": "^16.8 || ^17.0 || ^18.0 || ^19.0 || ^19.0.0-rc",
        "react-dom": "^16.8 || ^17.0 || ^18.0 || ^19.0 || ^19.0.0-rc"
      },
      "peerDependenciesMeta": {
        "@types/react": {
          "optional": true
        },
        "@types/react-dom": {
          "optional": true
        }
      }
    },
    "../../node_modules/.pnpm/@radix-ui+react-slot@1.2.3_@types+react@18.3.22_react@18.3.1/node_modules/@radix-ui/react-slot": {
      "version": "1.2.3",
      "license": "MIT",
      "dependencies": {
        "@radix-ui/react-compose-refs": "1.1.2"
      },
      "devDependencies": {
        "@repo/builder": "0.0.0",
        "@repo/eslint-config": "0.0.0",
        "@repo/typescript-config": "0.0.0",
        "@types/react": "^19.0.7",
        "@types/react-dom": "^19.0.3",
        "eslint": "^9.18.0",
        "react": "^19.1.0",
        "react-dom": "^19.1.0",
        "typescript": "^5.7.3"
      },
      "peerDependencies": {
        "@types/react": "*",
        "react": "^16.8 || ^17.0 || ^18.0 || ^19.0 || ^19.0.0-rc"
      },
      "peerDependenciesMeta": {
        "@types/react": {
          "optional": true
        }
      }
    },
    "../../node_modules/.pnpm/@radix-ui+react-tabs@1.1.12_b20a201de21d88fc07214fa8be1345e3/node_modules/@radix-ui/react-tabs": {
      "version": "1.1.12",
      "license": "MIT",
      "dependencies": {
        "@radix-ui/primitive": "1.1.2",
        "@radix-ui/react-context": "1.1.2",
        "@radix-ui/react-direction": "1.1.1",
        "@radix-ui/react-id": "1.1.1",
        "@radix-ui/react-presence": "1.1.4",
        "@radix-ui/react-primitive": "2.1.3",
        "@radix-ui/react-roving-focus": "1.1.10",
        "@radix-ui/react-use-controllable-state": "1.2.2"
      },
      "devDependencies": {
        "@repo/builder": "0.0.0",
        "@repo/eslint-config": "0.0.0",
        "@repo/typescript-config": "0.0.0",
        "@types/react": "^19.0.7",
        "@types/react-dom": "^19.0.3",
        "eslint": "^9.18.0",
        "react": "^19.1.0",
        "react-dom": "^19.1.0",
        "typescript": "^5.7.3"
      },
      "peerDependencies": {
        "@types/react": "*",
        "@types/react-dom": "*",
        "react": "^16.8 || ^17.0 || ^18.0 || ^19.0 || ^19.0.0-rc",
        "react-dom": "^16.8 || ^17.0 || ^18.0 || ^19.0 || ^19.0.0-rc"
      },
      "peerDependenciesMeta": {
        "@types/react": {
          "optional": true
        },
        "@types/react-dom": {
          "optional": true
        }
      }
    },
    "../../node_modules/.pnpm/@radix-ui+react-toast@1.2.1_bd387965a487e877bc723ebde84d622c/node_modules/@radix-ui/react-toast": {
      "version": "1.2.14",
      "license": "MIT",
      "dependencies": {
        "@radix-ui/primitive": "1.1.2",
        "@radix-ui/react-collection": "1.1.7",
        "@radix-ui/react-compose-refs": "1.1.2",
        "@radix-ui/react-context": "1.1.2",
        "@radix-ui/react-dismissable-layer": "1.1.10",
        "@radix-ui/react-portal": "1.1.9",
        "@radix-ui/react-presence": "1.1.4",
        "@radix-ui/react-primitive": "2.1.3",
        "@radix-ui/react-use-callback-ref": "1.1.1",
        "@radix-ui/react-use-controllable-state": "1.2.2",
        "@radix-ui/react-use-layout-effect": "1.1.1",
        "@radix-ui/react-visually-hidden": "1.2.3"
      },
      "devDependencies": {
        "@repo/builder": "0.0.0",
        "@repo/eslint-config": "0.0.0",
        "@repo/typescript-config": "0.0.0",
        "@types/react": "^19.0.7",
        "@types/react-dom": "^19.0.3",
        "eslint": "^9.18.0",
        "react": "^19.1.0",
        "react-dom": "^19.1.0",
        "typescript": "^5.7.3"
      },
      "peerDependencies": {
        "@types/react": "*",
        "@types/react-dom": "*",
        "react": "^16.8 || ^17.0 || ^18.0 || ^19.0 || ^19.0.0-rc",
        "react-dom": "^16.8 || ^17.0 || ^18.0 || ^19.0 || ^19.0.0-rc"
      },
      "peerDependenciesMeta": {
        "@types/react": {
          "optional": true
        },
        "@types/react-dom": {
          "optional": true
        }
      }
    },
    "../../node_modules/.pnpm/@storybook+addon-essentials_2453573453cd4b705e4ec371d14a3470/node_modules/@storybook/addon-essentials": {
      "version": "7.6.20",
      "dev": true,
      "license": "MIT",
      "dependencies": {
        "@storybook/addon-actions": "7.6.20",
        "@storybook/addon-backgrounds": "7.6.20",
        "@storybook/addon-controls": "7.6.20",
        "@storybook/addon-docs": "7.6.20",
        "@storybook/addon-highlight": "7.6.20",
        "@storybook/addon-measure": "7.6.20",
        "@storybook/addon-outline": "7.6.20",
        "@storybook/addon-toolbars": "7.6.20",
        "@storybook/addon-viewport": "7.6.20",
        "@storybook/core-common": "7.6.20",
        "@storybook/manager-api": "7.6.20",
        "@storybook/node-logger": "7.6.20",
        "@storybook/preview-api": "7.6.20",
        "ts-dedent": "^2.0.0"
      },
      "devDependencies": {
        "@storybook/vue": "7.6.20",
        "typescript": "^4.9.3"
      },
      "funding": {
        "type": "opencollective",
        "url": "https://opencollective.com/storybook"
      },
      "peerDependencies": {
        "react": "^16.8.0 || ^17.0.0 || ^18.0.0",
        "react-dom": "^16.8.0 || ^17.0.0 || ^18.0.0"
      }
    },
    "../../node_modules/.pnpm/@storybook+addon-interactions@7.6.20/node_modules/@storybook/addon-interactions": {
      "version": "7.6.20",
      "dev": true,
      "license": "MIT",
      "dependencies": {
        "@storybook/global": "^5.0.0",
        "@storybook/types": "7.6.20",
        "jest-mock": "^27.0.6",
        "polished": "^4.2.2",
        "ts-dedent": "^2.2.0"
      },
      "devDependencies": {
        "@devtools-ds/object-inspector": "^1.1.2",
        "@storybook/client-logger": "7.6.20",
        "@storybook/components": "7.6.20",
        "@storybook/core-common": "7.6.20",
        "@storybook/core-events": "7.6.20",
        "@storybook/instrumenter": "7.6.20",
        "@storybook/jest": "next",
        "@storybook/manager-api": "7.6.20",
        "@storybook/preview-api": "7.6.20",
        "@storybook/testing-library": "next",
        "@storybook/theming": "7.6.20",
        "@types/node": "^18.0.0",
        "formik": "^2.2.9",
        "react": "^16.8.0",
        "react-dom": "^16.8.0",
        "typescript": "~4.9.3"
      },
      "funding": {
        "type": "opencollective",
        "url": "https://opencollective.com/storybook"
      }
    },
    "../../node_modules/.pnpm/@storybook+addon-links@7.6.20_react@18.3.1/node_modules/@storybook/addon-links": {
      "version": "7.6.20",
      "dev": true,
      "license": "MIT",
      "dependencies": {
        "@storybook/csf": "^0.1.2",
        "@storybook/global": "^5.0.0",
        "ts-dedent": "^2.0.0"
      },
      "devDependencies": {
        "@storybook/client-logger": "7.6.20",
        "@storybook/core-events": "7.6.20",
        "@storybook/manager-api": "7.6.20",
        "@storybook/preview-api": "7.6.20",
        "@storybook/router": "7.6.20",
        "@storybook/types": "7.6.20",
        "fs-extra": "^11.1.0",
        "typescript": "~4.9.3"
      },
      "funding": {
        "type": "opencollective",
        "url": "https://opencollective.com/storybook"
      },
      "peerDependencies": {
        "react": "^16.8.0 || ^17.0.0 || ^18.0.0"
      },
      "peerDependenciesMeta": {
        "react": {
          "optional": true
        }
      }
    },
    "../../node_modules/.pnpm/@storybook+addon-onboarding_6a3017e0a4eff5b3a48616be9d8963cd/node_modules/@storybook/addon-onboarding": {
      "version": "1.0.11",
      "dev": true,
      "license": "MIT",
      "dependencies": {
        "@storybook/telemetry": "^7.1.0",
        "react-confetti": "^6.1.0"
      },
      "devDependencies": {
        "@radix-ui/react-dialog": "^1.0.4",
        "@storybook/addon-essentials": "7.1.0-alpha.38",
        "@storybook/addon-interactions": "7.1.0-alpha.38",
        "@storybook/addon-links": "7.1.0-alpha.38",
        "@storybook/blocks": "7.1.0-alpha.38",
        "@storybook/channels": "7.1.0-alpha.38",
        "@storybook/components": "7.1.0-alpha.38",
        "@storybook/core-events": "7.1.0-alpha.38",
        "@storybook/jest": "^0.2.3",
        "@storybook/manager-api": "7.1.0-alpha.38",
        "@storybook/react": "7.1.0-alpha.38",
        "@storybook/react-vite": "7.1.0-alpha.38",
        "@storybook/testing-library": "^0.2.2",
        "@storybook/theming": "7.1.0-alpha.38",
        "@storybook/types": "7.1.0-alpha.38",
        "@types/node": "^18.15.0",
        "@types/react": "^18.2.7",
        "@types/react-dom": "^18.2.4",
        "@vitejs/plugin-react": "^3.1.0",
        "auto": "^10.3.0",
        "chromatic": "^6.17.4",
        "dedent": "^0.7.0",
        "framer-motion": "^6.5.1",
        "nodemon": "^2.0.22",
        "npm-run-all": "^4.1.5",
        "prettier": "^2.3.1",
        "react": "^18.0.0",
        "react-dom": "^18.0.0",
        "react-joyride": "^2.5.4",
        "react-use-measure": "^2.1.1",
        "rimraf": "^5.0.1",
        "storybook": "7.1.0-alpha.38",
        "tsup": "^6.6.3",
        "typescript": "^4.9.5",
        "vite": "^4.1.4"
      },
      "peerDependencies": {
        "react": "^16.8.0 || ^17.0.0 || ^18.0.0",
        "react-dom": "^16.8.0 || ^17.0.0 || ^18.0.0"
      }
    },
    "../../node_modules/.pnpm/@storybook+blocks@7.6.20_@t_bf629acd582e8e0071ed0158a60f0dfa/node_modules/@storybook/blocks": {
      "version": "7.6.20",
      "dev": true,
      "license": "MIT",
      "dependencies": {
        "@storybook/channels": "7.6.20",
        "@storybook/client-logger": "7.6.20",
        "@storybook/components": "7.6.20",
        "@storybook/core-events": "7.6.20",
        "@storybook/csf": "^0.1.2",
        "@storybook/docs-tools": "7.6.20",
        "@storybook/global": "^5.0.0",
        "@storybook/manager-api": "7.6.20",
        "@storybook/preview-api": "7.6.20",
        "@storybook/theming": "7.6.20",
        "@storybook/types": "7.6.20",
        "@types/lodash": "^4.14.167",
        "color-convert": "^2.0.1",
        "dequal": "^2.0.2",
        "lodash": "^4.17.21",
        "markdown-to-jsx": "^7.1.8",
        "memoizerific": "^1.11.3",
        "polished": "^4.2.2",
        "react-colorful": "^5.1.2",
        "telejson": "^7.2.0",
        "tocbot": "^4.20.1",
        "ts-dedent": "^2.0.0",
        "util-deprecate": "^1.0.2"
      },
      "devDependencies": {
        "@storybook/addon-actions": "7.6.20",
        "@types/color-convert": "^2.0.0"
      },
      "funding": {
        "type": "opencollective",
        "url": "https://opencollective.com/storybook"
      },
      "peerDependencies": {
        "react": "^16.8.0 || ^17.0.0 || ^18.0.0",
        "react-dom": "^16.8.0 || ^17.0.0 || ^18.0.0"
      }
    },
    "../../node_modules/.pnpm/@storybook+react-vite@7.6.2_f24bbe35580fec40e81ecf18bdd3efda/node_modules/@storybook/react-vite": {
      "version": "7.6.20",
      "dev": true,
      "license": "MIT",
      "dependencies": {
        "@joshwooding/vite-plugin-react-docgen-typescript": "0.3.0",
        "@rollup/pluginutils": "^5.0.2",
        "@storybook/builder-vite": "7.6.20",
        "@storybook/react": "7.6.20",
        "@vitejs/plugin-react": "^3.0.1",
        "magic-string": "^0.30.0",
        "react-docgen": "^7.0.0"
      },
      "devDependencies": {
        "@types/node": "^18.0.0",
        "typescript": "~4.9.3",
        "vite": "^4.0.0"
      },
      "engines": {
        "node": ">=16"
      },
      "funding": {
        "type": "opencollective",
        "url": "https://opencollective.com/storybook"
      },
      "peerDependencies": {
        "react": "^16.8.0 || ^17.0.0 || ^18.0.0",
        "react-dom": "^16.8.0 || ^17.0.0 || ^18.0.0",
        "vite": "^3.0.0 || ^4.0.0 || ^5.0.0"
      }
    },
    "../../node_modules/.pnpm/@storybook+react@7.6.20_rea_f3c61ea3f2689aba3c134e896079e835/node_modules/@storybook/react": {
      "version": "7.6.20",
      "dev": true,
      "license": "MIT",
      "dependencies": {
        "@storybook/client-logger": "7.6.20",
        "@storybook/core-client": "7.6.20",
        "@storybook/docs-tools": "7.6.20",
        "@storybook/global": "^5.0.0",
        "@storybook/preview-api": "7.6.20",
        "@storybook/react-dom-shim": "7.6.20",
        "@storybook/types": "7.6.20",
        "@types/escodegen": "^0.0.6",
        "@types/estree": "^0.0.51",
        "@types/node": "^18.0.0",
        "acorn": "^7.4.1",
        "acorn-jsx": "^5.3.1",
        "acorn-walk": "^7.2.0",
        "escodegen": "^2.1.0",
        "html-tags": "^3.1.0",
        "lodash": "^4.17.21",
        "prop-types": "^15.7.2",
        "react-element-to-jsx-string": "^15.0.0",
        "ts-dedent": "^2.0.0",
        "type-fest": "~2.19",
        "util-deprecate": "^1.0.2"
      },
      "devDependencies": {
        "@babel/core": "^7.23.2",
        "@storybook/test": "7.6.20",
        "@types/util-deprecate": "^1.0.0",
        "expect-type": "^0.15.0",
        "jest-specific-snapshot": "^8.0.0",
        "require-from-string": "^2.0.2"
      },
      "engines": {
        "node": ">=16.0.0"
      },
      "funding": {
        "type": "opencollective",
        "url": "https://opencollective.com/storybook"
      },
      "peerDependencies": {
        "react": "^16.8.0 || ^17.0.0 || ^18.0.0",
        "react-dom": "^16.8.0 || ^17.0.0 || ^18.0.0",
        "typescript": "*"
      },
      "peerDependenciesMeta": {
        "typescript": {
          "optional": true
        }
      }
    },
    "../../node_modules/.pnpm/@storybook+test@7.6.20/node_modules/@storybook/test": {
      "version": "7.6.20",
      "dev": true,
      "license": "MIT",
      "dependencies": {
        "@storybook/client-logger": "7.6.20",
        "@storybook/core-events": "7.6.20",
        "@storybook/instrumenter": "7.6.20",
        "@storybook/preview-api": "7.6.20",
        "@testing-library/dom": "^9.3.1",
        "@testing-library/jest-dom": "^6.1.3",
        "@testing-library/user-event": "14.3.0",
        "@types/chai": "^4",
        "@vitest/expect": "^0.34.2",
        "@vitest/spy": "^0.34.1",
        "chai": "^4.3.7",
        "util": "^0.12.4"
      },
      "devDependencies": {
        "ts-dedent": "^2.2.0",
        "type-fest": "~2.19",
        "typescript": "~4.9.3"
      },
      "funding": {
        "type": "opencollective",
        "url": "https://opencollective.com/storybook"
      }
    },
    "../../node_modules/.pnpm/@types+react-dom@18.3.7_@types+react@18.3.22/node_modules/@types/react-dom": {
      "version": "18.3.7",
      "devOptional": true,
      "license": "MIT",
      "peerDependencies": {
        "@types/react": "^18.0.0"
      }
    },
    "../../node_modules/.pnpm/@types+react@18.3.22/node_modules/@types/react": {
      "version": "18.3.22",
      "devOptional": true,
      "license": "MIT",
      "dependencies": {
        "@types/prop-types": "*",
        "csstype": "^3.0.2"
      }
    },
    "../../node_modules/.pnpm/autoprefixer@10.4.21_postcss@8.5.3/node_modules/autoprefixer": {
      "version": "10.4.21",
      "dev": true,
      "funding": [
        {
          "type": "opencollective",
          "url": "https://opencollective.com/postcss/"
        },
        {
          "type": "tidelift",
          "url": "https://tidelift.com/funding/github/npm/autoprefixer"
        },
        {
          "type": "github",
          "url": "https://github.com/sponsors/ai"
        }
      ],
      "license": "MIT",
      "dependencies": {
        "browserslist": "^4.24.4",
        "caniuse-lite": "^1.0.30001702",
        "fraction.js": "^4.3.7",
        "normalize-range": "^0.1.2",
        "picocolors": "^1.1.1",
        "postcss-value-parser": "^4.2.0"
      },
      "bin": {
        "autoprefixer": "bin/autoprefixer"
      },
      "engines": {
        "node": "^10 || ^12 || >=14"
      },
      "peerDependencies": {
        "postcss": "^8.1.0"
      }
    },
    "../../node_modules/.pnpm/class-variance-authority@0.7.1/node_modules/class-variance-authority": {
      "version": "0.7.1",
      "dev": true,
      "license": "Apache-2.0",
      "dependencies": {
        "clsx": "^2.1.1"
      },
      "devDependencies": {
        "@swc/cli": "0.3.12",
        "@swc/core": "1.4.16",
        "@types/node": "20.12.7",
        "@types/react": "18.2.79",
        "@types/react-dom": "18.2.25",
        "bundlesize": "0.18.2",
        "npm-run-all": "4.1.5",
        "react": "18.2.0",
        "react-dom": "18.2.0",
        "ts-node": "10.9.2",
        "typescript": "5.4.5"
      },
      "funding": {
        "url": "https://polar.sh/cva"
      }
    },
    "../../node_modules/.pnpm/clsx@2.1.1/node_modules/clsx": {
      "version": "2.1.1",
      "license": "MIT",
      "devDependencies": {
        "esm": "3.2.25",
        "terser": "4.8.0",
        "uvu": "0.5.4"
      },
      "engines": {
        "node": ">=6"
      }
    },
    "../../node_modules/.pnpm/lucide-react@0.309.0_react@18.3.1/node_modules/lucide-react": {
      "version": "0.309.0",
      "license": "ISC",
      "devDependencies": {
        "@lucide/build-icons": "1.0.0",
        "@lucide/rollup-plugins": "1.0.0",
        "@testing-library/jest-dom": "^6.1.6",
        "@testing-library/react": "^14.1.2",
        "@types/react": "^18.2.37",
        "@vitejs/plugin-react": "^4.2.1",
        "jest-serializer-html": "^7.1.0",
        "react": "18.2.0",
        "react-dom": "18.2.0",
        "rollup": "^4.9.2",
        "rollup-plugin-dts": "^6.1.0",
        "typescript": "^4.9.5",
        "vite": "5.0.10",
        "vitest": "^1.1.1"
      },
      "peerDependencies": {
        "react": "^16.5.1 || ^17.0.0 || ^18.0.0"
      }
    },
    "../../node_modules/.pnpm/postcss@8.5.3/node_modules/postcss": {
      "version": "8.5.3",
      "dev": true,
      "funding": [
        {
          "type": "opencollective",
          "url": "https://opencollective.com/postcss/"
        },
        {
          "type": "tidelift",
          "url": "https://tidelift.com/funding/github/npm/postcss"
        },
        {
          "type": "github",
          "url": "https://github.com/sponsors/ai"
        }
      ],
      "license": "MIT",
      "dependencies": {
        "nanoid": "^3.3.8",
        "picocolors": "^1.1.1",
        "source-map-js": "^1.2.1"
      },
      "engines": {
        "node": "^10 || ^12 || >=14"
      }
    },
    "../../node_modules/.pnpm/react-dom@18.3.1_react@18.3.1/node_modules/react-dom": {
      "version": "18.3.1",
      "license": "MIT",
      "peer": true,
      "dependencies": {
        "loose-envify": "^1.1.0",
        "scheduler": "^0.23.2"
      },
      "peerDependencies": {
        "react": "^18.3.1"
      }
    },
    "../../node_modules/.pnpm/react@18.3.1/node_modules/react": {
      "version": "18.3.1",
      "license": "MIT",
      "dependencies": {
        "loose-envify": "^1.1.0"
      },
      "engines": {
        "node": ">=0.10.0"
      }
    },
    "../../node_modules/.pnpm/storybook@7.6.20/node_modules/storybook": {
      "version": "7.6.20",
      "dev": true,
      "license": "MIT",
      "dependencies": {
        "@storybook/cli": "7.6.20"
      },
      "bin": {
        "sb": "index.js",
        "storybook": "index.js"
      },
      "funding": {
        "type": "opencollective",
        "url": "https://opencollective.com/storybook"
      }
    },
    "../../node_modules/.pnpm/tailwind-merge@2.6.0/node_modules/tailwind-merge": {
      "version": "2.6.0",
      "license": "MIT",
      "devDependencies": {
        "@babel/core": "^7.26.0",
        "@babel/preset-env": "^7.26.0",
        "@codspeed/vitest-plugin": "^4.0.0",
        "@rollup/plugin-babel": "^6.0.4",
        "@rollup/plugin-node-resolve": "^16.0.0",
        "@rollup/plugin-typescript": "^12.1.1",
        "@vitest/coverage-v8": "^2.1.8",
        "@vitest/eslint-plugin": "^1.1.14",
        "babel-plugin-annotate-pure-calls": "^0.4.0",
        "babel-plugin-polyfill-regenerator": "^0.6.3",
        "eslint": "^9.16.0",
        "eslint-plugin-import": "^2.31.0",
        "globby": "^11.1.0",
        "prettier": "^3.4.2",
        "rollup": "^4.28.1",
        "rollup-plugin-delete": "^2.1.0",
        "rollup-plugin-dts": "^6.1.1",
        "tslib": "^2.8.1",
        "typescript": "^5.7.2",
        "typescript-eslint": "^8.17.0",
        "vitest": "^2.1.8",
        "zx": "^8.2.4"
      },
      "funding": {
        "type": "github",
        "url": "https://github.com/sponsors/dcastil"
      }
    },
    "../../node_modules/.pnpm/tailwindcss-animate@1.0.7_tailwindcss@3.4.17/node_modules/tailwindcss-animate": {
      "version": "1.0.7",
      "dev": true,
      "license": "MIT",
      "devDependencies": {
        "husky": "^7.0.4",
        "lint-staged": "^12.3.4",
        "prettier": "^2.5.1",
        "tailwindcss": "^3.0.22"
      },
      "peerDependencies": {
        "tailwindcss": ">=3.0.0 || insiders"
      }
    },
    "../../node_modules/.pnpm/tailwindcss@3.4.17/node_modules/tailwindcss": {
      "version": "3.4.17",
      "dev": true,
      "license": "MIT",
      "dependencies": {
        "@alloc/quick-lru": "^5.2.0",
        "arg": "^5.0.2",
        "chokidar": "^3.6.0",
        "didyoumean": "^1.2.2",
        "dlv": "^1.1.3",
        "fast-glob": "^3.3.2",
        "glob-parent": "^6.0.2",
        "is-glob": "^4.0.3",
        "jiti": "^1.21.6",
        "lilconfig": "^3.1.3",
        "micromatch": "^4.0.8",
        "normalize-path": "^3.0.0",
        "object-hash": "^3.0.0",
        "picocolors": "^1.1.1",
        "postcss": "^8.4.47",
        "postcss-import": "^15.1.0",
        "postcss-js": "^4.0.1",
        "postcss-load-config": "^4.0.2",
        "postcss-nested": "^6.2.0",
        "postcss-selector-parser": "^6.1.2",
        "resolve": "^1.22.8",
        "sucrase": "^3.35.0"
      },
      "bin": {
        "tailwind": "lib/cli.js",
        "tailwindcss": "lib/cli.js"
      },
      "devDependencies": {
        "@swc/cli": "0.1.62",
        "@swc/core": "1.3.55",
        "@swc/jest": "0.2.26",
        "@swc/register": "0.1.10",
        "autoprefixer": "^10.4.20",
        "browserslist": "^4.24.0",
        "concurrently": "^8.2.2",
        "cssnano": "^6.1.2",
        "esbuild": "^0.24.0",
        "eslint": "^8.57.1",
        "eslint-config-prettier": "^8.10.0",
        "eslint-plugin-prettier": "^4.2.1",
        "jest": "^29.7.0",
        "jest-diff": "^29.7.0",
        "lightningcss": "1.27.0",
        "prettier": "^2.8.8",
        "rimraf": "^5.0.10",
        "source-map-js": "^1.2.1",
        "turbo": "^1.13.4"
      },
      "engines": {
        "node": ">=14.0.0"
      }
    },
    "../../node_modules/.pnpm/typescript@5.8.2/node_modules/typescript": {
      "version": "5.8.2",
      "dev": true,
      "license": "Apache-2.0",
      "bin": {
        "tsc": "bin/tsc",
        "tsserver": "bin/tsserver"
      },
      "devDependencies": {
        "@dprint/formatter": "^0.4.1",
        "@dprint/typescript": "0.93.3",
        "@esfx/canceltoken": "^1.0.0",
        "@eslint/js": "^9.17.0",
        "@octokit/rest": "^21.0.2",
        "@types/chai": "^4.3.20",
        "@types/diff": "^5.2.3",
        "@types/minimist": "^1.2.5",
        "@types/mocha": "^10.0.10",
        "@types/ms": "^0.7.34",
        "@types/node": "latest",
        "@types/source-map-support": "^0.5.10",
        "@types/which": "^3.0.4",
        "@typescript-eslint/rule-tester": "^8.18.1",
        "@typescript-eslint/type-utils": "^8.18.1",
        "@typescript-eslint/utils": "^8.18.1",
        "azure-devops-node-api": "^14.1.0",
        "c8": "^10.1.3",
        "chai": "^4.5.0",
        "chalk": "^4.1.2",
        "chokidar": "^3.6.0",
        "diff": "^5.2.0",
        "dprint": "^0.47.6",
        "esbuild": "^0.24.0",
        "eslint": "^9.17.0",
        "eslint-formatter-autolinkable-stylish": "^1.4.0",
        "eslint-plugin-regexp": "^2.7.0",
        "fast-xml-parser": "^4.5.1",
        "glob": "^10.4.5",
        "globals": "^15.13.0",
        "hereby": "^1.10.0",
        "jsonc-parser": "^3.3.1",
        "knip": "^5.41.0",
        "minimist": "^1.2.8",
        "mocha": "^10.8.2",
        "mocha-fivemat-progress-reporter": "^0.1.0",
        "monocart-coverage-reports": "^2.11.4",
        "ms": "^2.1.3",
        "playwright": "^1.49.1",
        "source-map-support": "^0.5.21",
        "tslib": "^2.8.1",
        "typescript": "^5.7.2",
        "typescript-eslint": "^8.18.1",
        "which": "^3.0.1"
      },
      "engines": {
        "node": ">=14.17"
      }
    },
    "node_modules/@biomejs/biome": {
      "resolved": "../../node_modules/.pnpm/@biomejs+biome@1.5.3/node_modules/@biomejs/biome",
      "link": true
    },
    "node_modules/@esal/ui": {
      "resolved": "",
      "link": true
    },
    "node_modules/@radix-ui/primitive": {
      "version": "1.1.2",
      "resolved": "https://registry.npmjs.org/@radix-ui/primitive/-/primitive-1.1.2.tgz",
      "integrity": "sha512-XnbHrrprsNqZKQhStrSwgRUQzoCI1glLzdw79xiZPoofhGICeZRSQ3dIxAKH1gb3OHfNf4d6f+vAv3kil2eggA==",
      "license": "MIT"
    },
    "node_modules/@radix-ui/react-avatar": {
      "resolved": "../../node_modules/.pnpm/@radix-ui+react-avatar@1.1._7b7d8da5343de3271ffc78ca89060b48/node_modules/@radix-ui/react-avatar",
      "link": true
    },
    "node_modules/@radix-ui/react-compose-refs": {
      "version": "1.1.2",
      "resolved": "https://registry.npmjs.org/@radix-ui/react-compose-refs/-/react-compose-refs-1.1.2.tgz",
      "integrity": "sha512-z4eqJvfiNnFMHIIvXP3CY57y2WJs5g2v3X0zm9mEJkrkNv4rDxu+sg9Jh8EkXyeqBkB7SOcboo9dMVqhyrACIg==",
      "license": "MIT",
      "peerDependencies": {
        "@types/react": "*",
        "react": "^16.8 || ^17.0 || ^18.0 || ^19.0 || ^19.0.0-rc"
      },
      "peerDependenciesMeta": {
        "@types/react": {
          "optional": true
        }
      }
    },
    "node_modules/@radix-ui/react-context": {
      "version": "1.1.2",
      "resolved": "https://registry.npmjs.org/@radix-ui/react-context/-/react-context-1.1.2.tgz",
      "integrity": "sha512-jCi/QKUM2r1Ju5a3J64TH2A5SpKAgh0LpknyqdQ4m6DCV0xJ2HG1xARRwNGPQfi1SLdLWZ1OJz6F4OMBBNiGJA==",
      "license": "MIT",
      "peerDependencies": {
        "@types/react": "*",
        "react": "^16.8 || ^17.0 || ^18.0 || ^19.0 || ^19.0.0-rc"
      },
      "peerDependenciesMeta": {
        "@types/react": {
          "optional": true
        }
      }
    },
    "node_modules/@radix-ui/react-dialog": {
      "resolved": "../../node_modules/.pnpm/@radix-ui+react-dialog@1.1._a2320f1679062b506874372e428593d9/node_modules/@radix-ui/react-dialog",
      "link": true
    },
    "node_modules/@radix-ui/react-dropdown-menu": {
      "resolved": "../../node_modules/.pnpm/@radix-ui+react-dropdown-me_8470344bd8cf7b4a512b1e4edd3f522f/node_modules/@radix-ui/react-dropdown-menu",
      "link": true
    },
    "node_modules/@radix-ui/react-label": {
      "resolved": "../../node_modules/.pnpm/@radix-ui+react-label@2.1.7_29df566457c63ca19fddfd0190abab7d/node_modules/@radix-ui/react-label",
      "link": true
    },
    "node_modules/@radix-ui/react-popover": {
      "resolved": "../../node_modules/.pnpm/@radix-ui+react-popover@1.1_20bf5b78f67b1e7d43138c57ee954747/node_modules/@radix-ui/react-popover",
      "link": true
    },
    "node_modules/@radix-ui/react-primitive": {
      "version": "2.1.3",
      "resolved": "https://registry.npmjs.org/@radix-ui/react-primitive/-/react-primitive-2.1.3.tgz",
      "integrity": "sha512-m9gTwRkhy2lvCPe6QJp4d3G1TYEUHn/FzJUtq9MjH46an1wJU+GdoGC5VLof8RX8Ft/DlpshApkhswDLZzHIcQ==",
      "license": "MIT",
      "dependencies": {
        "@radix-ui/react-slot": "1.2.3"
      },
      "peerDependencies": {
        "@types/react": "*",
        "@types/react-dom": "*",
        "react": "^16.8 || ^17.0 || ^18.0 || ^19.0 || ^19.0.0-rc",
        "react-dom": "^16.8 || ^17.0 || ^18.0 || ^19.0 || ^19.0.0-rc"
      },
      "peerDependenciesMeta": {
        "@types/react": {
          "optional": true
        },
        "@types/react-dom": {
          "optional": true
        }
      }
    },
    "node_modules/@radix-ui/react-progress": {
      "version": "1.1.7",
      "resolved": "https://registry.npmjs.org/@radix-ui/react-progress/-/react-progress-1.1.7.tgz",
      "integrity": "sha512-vPdg/tF6YC/ynuBIJlk1mm7Le0VgW6ub6J2UWnTQ7/D23KXcPI1qy+0vBkgKgd38RCMJavBXpB83HPNFMTb0Fg==",
      "license": "MIT",
      "dependencies": {
        "@radix-ui/react-context": "1.1.2",
        "@radix-ui/react-primitive": "2.1.3"
      },
      "peerDependencies": {
        "@types/react": "*",
        "@types/react-dom": "*",
        "react": "^16.8 || ^17.0 || ^18.0 || ^19.0 || ^19.0.0-rc",
        "react-dom": "^16.8 || ^17.0 || ^18.0 || ^19.0 || ^19.0.0-rc"
      },
      "peerDependenciesMeta": {
        "@types/react": {
          "optional": true
        },
        "@types/react-dom": {
          "optional": true
        }
      }
    },
    "node_modules/@radix-ui/react-select": {
      "resolved": "../../node_modules/.pnpm/@radix-ui+react-select@2.2._18fc38aa83b573022d107238739dcc92/node_modules/@radix-ui/react-select",
      "link": true
    },
    "node_modules/@radix-ui/react-slot": {
      "resolved": "../../node_modules/.pnpm/@radix-ui+react-slot@1.2.3_@types+react@18.3.22_react@18.3.1/node_modules/@radix-ui/react-slot",
      "link": true
    },
    "node_modules/@radix-ui/react-switch": {
      "version": "1.2.5",
      "resolved": "https://registry.npmjs.org/@radix-ui/react-switch/-/react-switch-1.2.5.tgz",
      "integrity": "sha512-5ijLkak6ZMylXsaImpZ8u4Rlf5grRmoc0p0QeX9VJtlrM4f5m3nCTX8tWga/zOA8PZYIR/t0p2Mnvd7InrJ6yQ==",
      "license": "MIT",
      "dependencies": {
        "@radix-ui/primitive": "1.1.2",
        "@radix-ui/react-compose-refs": "1.1.2",
        "@radix-ui/react-context": "1.1.2",
        "@radix-ui/react-primitive": "2.1.3",
        "@radix-ui/react-use-controllable-state": "1.2.2",
        "@radix-ui/react-use-previous": "1.1.1",
        "@radix-ui/react-use-size": "1.1.1"
      },
      "peerDependencies": {
        "@types/react": "*",
        "@types/react-dom": "*",
        "react": "^16.8 || ^17.0 || ^18.0 || ^19.0 || ^19.0.0-rc",
        "react-dom": "^16.8 || ^17.0 || ^18.0 || ^19.0 || ^19.0.0-rc"
      },
      "peerDependenciesMeta": {
        "@types/react": {
          "optional": true
        },
        "@types/react-dom": {
          "optional": true
        }
      }
    },
    "node_modules/@radix-ui/react-tabs": {
      "resolved": "../../node_modules/.pnpm/@radix-ui+react-tabs@1.1.12_b20a201de21d88fc07214fa8be1345e3/node_modules/@radix-ui/react-tabs",
      "link": true
    },
    "node_modules/@radix-ui/react-toast": {
      "resolved": "../../node_modules/.pnpm/@radix-ui+react-toast@1.2.1_bd387965a487e877bc723ebde84d622c/node_modules/@radix-ui/react-toast",
      "link": true
    },
    "node_modules/@radix-ui/react-use-controllable-state": {
      "version": "1.2.2",
      "resolved": "https://registry.npmjs.org/@radix-ui/react-use-controllable-state/-/react-use-controllable-state-1.2.2.tgz",
      "integrity": "sha512-BjasUjixPFdS+NKkypcyyN5Pmg83Olst0+c6vGov0diwTEo6mgdqVR6hxcEgFuh4QrAs7Rc+9KuGJ9TVCj0Zzg==",
      "license": "MIT",
      "dependencies": {
        "@radix-ui/react-use-effect-event": "0.0.2",
        "@radix-ui/react-use-layout-effect": "1.1.1"
      },
      "peerDependencies": {
        "@types/react": "*",
        "react": "^16.8 || ^17.0 || ^18.0 || ^19.0 || ^19.0.0-rc"
      },
      "peerDependenciesMeta": {
        "@types/react": {
          "optional": true
        }
      }
    },
    "node_modules/@radix-ui/react-use-effect-event": {
      "version": "0.0.2",
      "resolved": "https://registry.npmjs.org/@radix-ui/react-use-effect-event/-/react-use-effect-event-0.0.2.tgz",
      "integrity": "sha512-Qp8WbZOBe+blgpuUT+lw2xheLP8q0oatc9UpmiemEICxGvFLYmHm9QowVZGHtJlGbS6A6yJ3iViad/2cVjnOiA==",
      "license": "MIT",
      "dependencies": {
        "@radix-ui/react-use-layout-effect": "1.1.1"
      },
      "peerDependencies": {
        "@types/react": "*",
        "react": "^16.8 || ^17.0 || ^18.0 || ^19.0 || ^19.0.0-rc"
      },
      "peerDependenciesMeta": {
        "@types/react": {
          "optional": true
        }
      }
    },
    "node_modules/@radix-ui/react-use-layout-effect": {
      "version": "1.1.1",
      "resolved": "https://registry.npmjs.org/@radix-ui/react-use-layout-effect/-/react-use-layout-effect-1.1.1.tgz",
      "integrity": "sha512-RbJRS4UWQFkzHTTwVymMTUv8EqYhOp8dOOviLj2ugtTiXRaRQS7GLGxZTLL1jWhMeoSCf5zmcZkqTl9IiYfXcQ==",
      "license": "MIT",
      "peerDependencies": {
        "@types/react": "*",
        "react": "^16.8 || ^17.0 || ^18.0 || ^19.0 || ^19.0.0-rc"
      },
      "peerDependenciesMeta": {
        "@types/react": {
          "optional": true
        }
      }
    },
    "node_modules/@radix-ui/react-use-previous": {
      "version": "1.1.1",
      "resolved": "https://registry.npmjs.org/@radix-ui/react-use-previous/-/react-use-previous-1.1.1.tgz",
      "integrity": "sha512-2dHfToCj/pzca2Ck724OZ5L0EVrr3eHRNsG/b3xQJLA2hZpVCS99bLAX+hm1IHXDEnzU6by5z/5MIY794/a8NQ==",
      "license": "MIT",
      "peerDependencies": {
        "@types/react": "*",
        "react": "^16.8 || ^17.0 || ^18.0 || ^19.0 || ^19.0.0-rc"
      },
      "peerDependenciesMeta": {
        "@types/react": {
          "optional": true
        }
      }
    },
    "node_modules/@radix-ui/react-use-size": {
      "version": "1.1.1",
      "resolved": "https://registry.npmjs.org/@radix-ui/react-use-size/-/react-use-size-1.1.1.tgz",
      "integrity": "sha512-ewrXRDTAqAXlkl6t/fkXWNAhFX9I+CkKlw6zjEwk86RSPKwZr3xpBRso655aqYafwtnbpHLj6toFzmd6xdVptQ==",
      "license": "MIT",
      "dependencies": {
        "@radix-ui/react-use-layout-effect": "1.1.1"
      },
      "peerDependencies": {
        "@types/react": "*",
        "react": "^16.8 || ^17.0 || ^18.0 || ^19.0 || ^19.0.0-rc"
      },
      "peerDependenciesMeta": {
        "@types/react": {
          "optional": true
        }
      }
    },
    "node_modules/@storybook/addon-essentials": {
      "resolved": "../../node_modules/.pnpm/@storybook+addon-essentials_2453573453cd4b705e4ec371d14a3470/node_modules/@storybook/addon-essentials",
      "link": true
    },
    "node_modules/@storybook/addon-interactions": {
      "resolved": "../../node_modules/.pnpm/@storybook+addon-interactions@7.6.20/node_modules/@storybook/addon-interactions",
      "link": true
    },
    "node_modules/@storybook/addon-links": {
      "resolved": "../../node_modules/.pnpm/@storybook+addon-links@7.6.20_react@18.3.1/node_modules/@storybook/addon-links",
      "link": true
    },
    "node_modules/@storybook/addon-onboarding": {
      "resolved": "../../node_modules/.pnpm/@storybook+addon-onboarding_6a3017e0a4eff5b3a48616be9d8963cd/node_modules/@storybook/addon-onboarding",
      "link": true
    },
    "node_modules/@storybook/blocks": {
      "resolved": "../../node_modules/.pnpm/@storybook+blocks@7.6.20_@t_bf629acd582e8e0071ed0158a60f0dfa/node_modules/@storybook/blocks",
      "link": true
    },
    "node_modules/@storybook/react": {
      "resolved": "../../node_modules/.pnpm/@storybook+react@7.6.20_rea_f3c61ea3f2689aba3c134e896079e835/node_modules/@storybook/react",
      "link": true
    },
    "node_modules/@storybook/react-vite": {
      "resolved": "../../node_modules/.pnpm/@storybook+react-vite@7.6.2_f24bbe35580fec40e81ecf18bdd3efda/node_modules/@storybook/react-vite",
      "link": true
    },
    "node_modules/@storybook/test": {
      "resolved": "../../node_modules/.pnpm/@storybook+test@7.6.20/node_modules/@storybook/test",
      "link": true
    },
    "node_modules/@types/react": {
      "resolved": "../../node_modules/.pnpm/@types+react@18.3.22/node_modules/@types/react",
      "link": true
    },
    "node_modules/@types/react-dom": {
      "resolved": "../../node_modules/.pnpm/@types+react-dom@18.3.7_@types+react@18.3.22/node_modules/@types/react-dom",
      "link": true
    },
    "node_modules/autoprefixer": {
      "resolved": "../../node_modules/.pnpm/autoprefixer@10.4.21_postcss@8.5.3/node_modules/autoprefixer",
      "link": true
    },
    "node_modules/class-variance-authority": {
      "resolved": "../../node_modules/.pnpm/class-variance-authority@0.7.1/node_modules/class-variance-authority",
      "link": true
    },
    "node_modules/clsx": {
      "resolved": "../../node_modules/.pnpm/clsx@2.1.1/node_modules/clsx",
      "link": true
    },
    "node_modules/lucide-react": {
      "resolved": "../../node_modules/.pnpm/lucide-react@0.309.0_react@18.3.1/node_modules/lucide-react",
      "link": true
    },
    "node_modules/postcss": {
      "resolved": "../../node_modules/.pnpm/postcss@8.5.3/node_modules/postcss",
      "link": true
    },
    "node_modules/react": {
      "resolved": "../../node_modules/.pnpm/react@18.3.1/node_modules/react",
      "link": true
    },
    "node_modules/react-dom": {
      "resolved": "../../node_modules/.pnpm/react-dom@18.3.1_react@18.3.1/node_modules/react-dom",
      "link": true
    },
    "node_modules/storybook": {
      "resolved": "../../node_modules/.pnpm/storybook@7.6.20/node_modules/storybook",
      "link": true
    },
    "node_modules/tailwind-merge": {
      "resolved": "../../node_modules/.pnpm/tailwind-merge@2.6.0/node_modules/tailwind-merge",
      "link": true
    },
    "node_modules/tailwindcss": {
      "resolved": "../../node_modules/.pnpm/tailwindcss@3.4.17/node_modules/tailwindcss",
      "link": true
    },
    "node_modules/tailwindcss-animate": {
      "resolved": "../../node_modules/.pnpm/tailwindcss-animate@1.0.7_tailwindcss@3.4.17/node_modules/tailwindcss-animate",
      "link": true
    },
    "node_modules/typescript": {
      "resolved": "../../node_modules/.pnpm/typescript@5.8.2/node_modules/typescript",
      "link": true
    }
  }
}
